{
  "name": "EcommerceWeb_GP_NodeJS_ReactTS",
  "lockfileVersion": 3,
  "requires": true,
  "packages": {
    "": {
      "dependencies": {
        "@types/chroma-js": "^3.1.1",
        "@types/color": "^4.2.0",
        "chroma-js": "^3.1.2",
        "color": "^5.0.0"
      }
    },
    "node_modules/@types/chroma-js": {
      "version": "3.1.1",
      "resolved": "https://registry.npmjs.org/@types/chroma-js/-/chroma-js-3.1.1.tgz",
      "integrity": "sha512-SFCr4edNkZ1bGaLzGz7rgR1bRzVX4MmMxwsIa3/Bh6ose8v+hRpneoizHv0KChdjxaXyjRtaMq7sCuZSzPomQA==",
      "license": "MIT"
    },
    "node_modules/@types/color": {
      "version": "4.2.0",
      "resolved": "https://registry.npmjs.org/@types/color/-/color-4.2.0.tgz",
      "integrity": "sha512-6+xrIRImMtGAL2X3qYkd02Mgs+gFGs+WsK0b7VVMaO4mYRISwyTjcqNrO0mNSmYEoq++rSLDB2F5HDNmqfOe+A==",
      "license": "MIT",
      "dependencies": {
        "@types/color-convert": "*"
      }
    },
    "node_modules/@types/color-convert": {
      "version": "2.0.4",
      "resolved": "https://registry.npmjs.org/@types/color-convert/-/color-convert-2.0.4.tgz",
      "integrity": "sha512-Ub1MmDdyZ7mX//g25uBAoH/mWGd9swVbt8BseymnaE18SU4po/PjmCrHxqIIRjBo3hV/vh1KGr0eMxUhp+t+dQ==",
      "license": "MIT",
      "dependencies": {
        "@types/color-name": "^1.1.0"
      }
    },
    "node_modules/@types/color-name": {
      "version": "1.1.5",
      "resolved": "https://registry.npmjs.org/@types/color-name/-/color-name-1.1.5.tgz",
      "integrity": "sha512-j2K5UJqGTxeesj6oQuGpMgifpT5k9HprgQd8D1Y0lOFqKHl3PJu5GMeS4Y5EgjS55AE6OQxf8mPED9uaGbf4Cg==",
      "license": "MIT"
    },
    "node_modules/chroma-js": {
      "version": "3.1.2",
      "resolved": "https://registry.npmjs.org/chroma-js/-/chroma-js-3.1.2.tgz",
      "integrity": "sha512-IJnETTalXbsLx1eKEgx19d5L6SRM7cH4vINw/99p/M11HCuXGRWL+6YmCm7FWFGIo6dtWuQoQi1dc5yQ7ESIHg==",
      "license": "(BSD-3-Clause AND Apache-2.0)"
    },
    "node_modules/color": {
      "version": "5.0.0",
      "resolved": "https://registry.npmjs.org/color/-/color-5.0.0.tgz",
      "integrity": "sha512-16BlyiuyLq3MLxpRWyOTiWsO3ii/eLQLJUQXBSNcxMBBSnyt1ee9YUdaozQp03ifwm5woztEZGDbk9RGVuCsdw==",
      "license": "MIT",
      "dependencies": {
        "color-convert": "^3.0.1",
        "color-string": "^2.0.0"
      },
      "engines": {
        "node": ">=18"
      }
    },
    "node_modules/color-convert": {
      "version": "3.1.0",
      "resolved": "https://registry.npmjs.org/color-convert/-/color-convert-3.1.0.tgz",
      "integrity": "sha512-TVoqAq8ZDIpK5lsQY874DDnu65CSsc9vzq0wLpNQ6UMBq81GSZocVazPiBbYGzngzBOIRahpkTzCLVe2at4MfA==",
      "license": "MIT",
      "dependencies": {
        "color-name": "^2.0.0"
      },
      "engines": {
        "node": ">=14.6"
      }
    },
    "node_modules/color-name": {
      "version": "2.0.0",
      "resolved": "https://registry.npmjs.org/color-name/-/color-name-2.0.0.tgz",
      "integrity": "sha512-SbtvAMWvASO5TE2QP07jHBMXKafgdZz8Vrsrn96fiL+O92/FN/PLARzUW5sKt013fjAprK2d2iCn2hk2Xb5oow==",
      "license": "MIT",
      "engines": {
        "node": ">=12.20"
      }
    },
    "node_modules/color-string": {
      "version": "2.0.1",
      "resolved": "https://registry.npmjs.org/color-string/-/color-string-2.0.1.tgz",
      "integrity": "sha512-5z9FbYTZPAo8iKsNEqRNv+OlpBbDcoE+SY9GjLfDUHEfcNNV7tS9eSAlFHEaub/r5tBL9LtskAeq1l9SaoZ5tQ==",
      "license": "MIT",
      "dependencies": {
        "color-name": "^2.0.0"
      },
      "engines": {
        "node": ">=18"
      }
    }
  }
}
